{
  "name": "necs-game-of-life",
  "version": "1.0.0",
  "lockfileVersion": 1,
  "requires": true,
  "dependencies": {
    "terminal-canvas": {
      "version": "2.1.0",
      "resolved": "https://registry.npmjs.org/terminal-canvas/-/terminal-canvas-2.1.0.tgz",
      "integrity": "sha512-PCPtOvfQDLb+3ni1OHQslgZ9wF4Vi6VmsCMzEDH4KxGnZBFCADcfuZ+Wq3CWxQULgHAs5Fkgfo8uLRwAi16DYw=="
    }
  }
}
